
Microsoft Visual Studio Solution File, Format Version 12.00
# Visual Studio Version 17
VisualStudioVersion = 17.5.002.0
MinimumVisualStudioVersion = 10.0.40219.1
Project("{9A19103F-16F7-4668-BE54-9A1E7A4F7556}") = "C#_101", "C#_101.csproj", "{3145F188-C248-498A-992E-F1D68FF96E11}"
EndProject
Global
	GlobalSection(SolutionConfigurationPlatforms) = preSolution
		Debug|Any CPU = Debug|Any CPU
		Release|Any CPU = Release|Any CPU
	EndGlobalSection
	GlobalSection(ProjectConfigurationPlatforms) = postSolution
		{3145F188-C248-498A-992E-F1D68FF96E11}.Debug|Any CPU.ActiveCfg = Debug|Any CPU
		{3145F188-C248-498A-992E-F1D68FF96E11}.Debug|Any CPU.Build.0 = Debug|Any CPU
		{3145F188-C248-498A-992E-F1D68FF96E11}.Release|Any CPU.ActiveCfg = Release|Any CPU
		{3145F188-C248-498A-992E-F1D68FF96E11}.Release|Any CPU.Build.0 = Release|Any CPU
	EndGlobalSection
	GlobalSection(SolutionProperties) = preSolution
		HideSolutionNode = FALSE
	EndGlobalSection
	GlobalSection(ExtensibilityGlobals) = postSolution
		SolutionGuid = {609FEA05-4A69-4BBE-B4CB-05F08018C6C8}
	EndGlobalSection
EndGlobal
